
Microsoft Visual Studio Solution File, Format Version 12.00
# Visual Studio Version 17
VisualStudioVersion = 17.9.34622.214
MinimumVisualStudioVersion = 10.0.40219.1
Project("{9A19103F-16F7-4668-BE54-9A1E7A4F7556}") = "linkApi", "linkApi\linkApi.csproj", "{FAD2D7E5-0560-4B99-8CA2-8DDB7F6CDE9D}"
EndProject
Project("{9A19103F-16F7-4668-BE54-9A1E7A4F7556}") = "DataContextPostgres", "dataContextPostgres\DataContextPostgres.csproj", "{B4C44894-5960-4E2F-8A8E-A075503C1789}"
EndProject
Project("{FAE04EC0-301F-11D3-BF4B-00C04F79EFBC}") = "LinkApiUnitTests", "LinkApiUnitTests\LinkApiUnitTests.csproj", "{1F00BC40-6065-4B40-9E8D-A0832E760685}"
EndProject
Global
	GlobalSection(SolutionConfigurationPlatforms) = preSolution
		Debug|Any CPU = Debug|Any CPU
		Release|Any CPU = Release|Any CPU
	EndGlobalSection
	GlobalSection(ProjectConfigurationPlatforms) = postSolution
		{FAD2D7E5-0560-4B99-8CA2-8DDB7F6CDE9D}.Debug|Any CPU.ActiveCfg = Debug|Any CPU
		{FAD2D7E5-0560-4B99-8CA2-8DDB7F6CDE9D}.Debug|Any CPU.Build.0 = Debug|Any CPU
		{FAD2D7E5-0560-4B99-8CA2-8DDB7F6CDE9D}.Release|Any CPU.ActiveCfg = Release|Any CPU
		{FAD2D7E5-0560-4B99-8CA2-8DDB7F6CDE9D}.Release|Any CPU.Build.0 = Release|Any CPU
		{B4C44894-5960-4E2F-8A8E-A075503C1789}.Debug|Any CPU.ActiveCfg = Debug|Any CPU
		{B4C44894-5960-4E2F-8A8E-A075503C1789}.Debug|Any CPU.Build.0 = Debug|Any CPU
		{B4C44894-5960-4E2F-8A8E-A075503C1789}.Release|Any CPU.ActiveCfg = Release|Any CPU
		{B4C44894-5960-4E2F-8A8E-A075503C1789}.Release|Any CPU.Build.0 = Release|Any CPU
		{1F00BC40-6065-4B40-9E8D-A0832E760685}.Debug|Any CPU.ActiveCfg = Debug|Any CPU
		{1F00BC40-6065-4B40-9E8D-A0832E760685}.Debug|Any CPU.Build.0 = Debug|Any CPU
		{1F00BC40-6065-4B40-9E8D-A0832E760685}.Release|Any CPU.ActiveCfg = Release|Any CPU
		{1F00BC40-6065-4B40-9E8D-A0832E760685}.Release|Any CPU.Build.0 = Release|Any CPU
	EndGlobalSection
	GlobalSection(SolutionProperties) = preSolution
		HideSolutionNode = FALSE
	EndGlobalSection
	GlobalSection(ExtensibilityGlobals) = postSolution
		SolutionGuid = {701EEB98-7106-490C-88A7-817B9C2B261F}
	EndGlobalSection
EndGlobal
